
Microsoft Visual Studio Solution File, Format Version 12.00
# Visual Studio 15
VisualStudioVersion = 15.0.27004.2009
MinimumVisualStudioVersion = 10.0.40219.1
Project("{FAE04EC0-301F-11D3-BF4B-00C04F79EFBC}") = "FileMetaData", "FileMetaData\FileMetaData.csproj", "{1654AF8C-71AB-430F-A4EC-8876C59EE73F}"
EndProject
Project("{FAE04EC0-301F-11D3-BF4B-00C04F79EFBC}") = "FileInfoUpdateDB", "FileInfoUpdateDB\FileInfoUpdateDB.csproj", "{13902B6A-A886-4C6B-9172-7CF915AEF3E0}"
EndProject
Project("{FAE04EC0-301F-11D3-BF4B-00C04F79EFBC}") = "FileZipUnzip", "FileZipUnzip\FileZipUnzip.csproj", "{ED2A28AC-91FF-49B4-A229-527D63087139}"
EndProject
Project("{E24C65DC-7377-472B-9ABA-BC803B73C61A}") = "WebSite_Auth", "c:\Users\sk00538811\source\WebSitesRND\WebSite_Auth\", "{35FCBC75-8FE4-4BC5-80CC-D290F93E228F}"
	ProjectSection(WebsiteProperties) = preProject
		TargetFrameworkMoniker = ".NETFramework,Version%3Dv4.5"
		Debug.AspNetCompiler.VirtualPath = "/localhost_50192"
		Debug.AspNetCompiler.PhysicalPath = "c:\Users\sk00538811\source\WebSitesRND\WebSite_Auth\"
		Debug.AspNetCompiler.TargetPath = "PrecompiledWeb\localhost_50192\"
		Debug.AspNetCompiler.Updateable = "true"
		Debug.AspNetCompiler.ForceOverwrite = "true"
		Debug.AspNetCompiler.FixedNames = "false"
		Debug.AspNetCompiler.Debug = "True"
		Release.AspNetCompiler.VirtualPath = "/localhost_50192"
		Release.AspNetCompiler.PhysicalPath = "c:\Users\sk00538811\source\WebSitesRND\WebSite_Auth\"
		Release.AspNetCompiler.TargetPath = "PrecompiledWeb\localhost_50192\"
		Release.AspNetCompiler.Updateable = "true"
		Release.AspNetCompiler.ForceOverwrite = "true"
		Release.AspNetCompiler.FixedNames = "false"
		Release.AspNetCompiler.Debug = "False"
		VWDPort = "50192"
		SlnRelativePath = "c:\Users\sk00538811\source\WebSitesRND\WebSite_Auth\"
		DefaultWebSiteLanguage = "Visual C#"
	EndProjectSection
EndProject
Project("{FAE04EC0-301F-11D3-BF4B-00C04F79EFBC}") = "DocumentSecurity.WebService", "DocumentSecurity.WebService\DocumentSecurity.WebService.csproj", "{679F4D94-44B0-474A-B28E-B2C779BBC34A}"
EndProject
Project("{FAE04EC0-301F-11D3-BF4B-00C04F79EFBC}") = "ExampleOpenXML", "ExampleOpenXML\ExampleOpenXML.csproj", "{4E0454E4-420E-4092-A623-3275E63B8AA4}"
EndProject
Global
	GlobalSection(SolutionConfigurationPlatforms) = preSolution
		Debug|Any CPU = Debug|Any CPU
		Release|Any CPU = Release|Any CPU
	EndGlobalSection
	GlobalSection(ProjectConfigurationPlatforms) = postSolution
		{1654AF8C-71AB-430F-A4EC-8876C59EE73F}.Debug|Any CPU.ActiveCfg = Debug|Any CPU
		{1654AF8C-71AB-430F-A4EC-8876C59EE73F}.Debug|Any CPU.Build.0 = Debug|Any CPU
		{1654AF8C-71AB-430F-A4EC-8876C59EE73F}.Release|Any CPU.ActiveCfg = Release|Any CPU
		{1654AF8C-71AB-430F-A4EC-8876C59EE73F}.Release|Any CPU.Build.0 = Release|Any CPU
		{13902B6A-A886-4C6B-9172-7CF915AEF3E0}.Debug|Any CPU.ActiveCfg = Debug|Any CPU
		{13902B6A-A886-4C6B-9172-7CF915AEF3E0}.Debug|Any CPU.Build.0 = Debug|Any CPU
		{13902B6A-A886-4C6B-9172-7CF915AEF3E0}.Release|Any CPU.ActiveCfg = Release|Any CPU
		{13902B6A-A886-4C6B-9172-7CF915AEF3E0}.Release|Any CPU.Build.0 = Release|Any CPU
		{ED2A28AC-91FF-49B4-A229-527D63087139}.Debug|Any CPU.ActiveCfg = Debug|Any CPU
		{ED2A28AC-91FF-49B4-A229-527D63087139}.Debug|Any CPU.Build.0 = Debug|Any CPU
		{ED2A28AC-91FF-49B4-A229-527D63087139}.Release|Any CPU.ActiveCfg = Release|Any CPU
		{ED2A28AC-91FF-49B4-A229-527D63087139}.Release|Any CPU.Build.0 = Release|Any CPU
		{35FCBC75-8FE4-4BC5-80CC-D290F93E228F}.Debug|Any CPU.ActiveCfg = Debug|Any CPU
		{35FCBC75-8FE4-4BC5-80CC-D290F93E228F}.Debug|Any CPU.Build.0 = Debug|Any CPU
		{35FCBC75-8FE4-4BC5-80CC-D290F93E228F}.Release|Any CPU.ActiveCfg = Debug|Any CPU
		{35FCBC75-8FE4-4BC5-80CC-D290F93E228F}.Release|Any CPU.Build.0 = Debug|Any CPU
		{679F4D94-44B0-474A-B28E-B2C779BBC34A}.Debug|Any CPU.ActiveCfg = Debug|Any CPU
		{679F4D94-44B0-474A-B28E-B2C779BBC34A}.Debug|Any CPU.Build.0 = Debug|Any CPU
		{679F4D94-44B0-474A-B28E-B2C779BBC34A}.Release|Any CPU.ActiveCfg = Release|Any CPU
		{679F4D94-44B0-474A-B28E-B2C779BBC34A}.Release|Any CPU.Build.0 = Release|Any CPU
		{4E0454E4-420E-4092-A623-3275E63B8AA4}.Debug|Any CPU.ActiveCfg = Debug|Any CPU
		{4E0454E4-420E-4092-A623-3275E63B8AA4}.Debug|Any CPU.Build.0 = Debug|Any CPU
		{4E0454E4-420E-4092-A623-3275E63B8AA4}.Release|Any CPU.ActiveCfg = Release|Any CPU
		{4E0454E4-420E-4092-A623-3275E63B8AA4}.Release|Any CPU.Build.0 = Release|Any CPU
	EndGlobalSection
	GlobalSection(SolutionProperties) = preSolution
		HideSolutionNode = FALSE
	EndGlobalSection
	GlobalSection(ExtensibilityGlobals) = postSolution
		SolutionGuid = {4E8E913C-32BD-4A76-B482-187DCFAB054A}
	EndGlobalSection
EndGlobal
